
Microsoft Visual Studio Solution File, Format Version 12.00
# Visual Studio 2013
VisualStudioVersion = 12.0.21005.1
MinimumVisualStudioVersion = 10.0.40219.1
Project("{FAE04EC0-301F-11D3-BF4B-00C04F79EFBC}") = "ConsoleApp", "ConsoleApp\ConsoleApp.csproj", "{4098D8BD-855F-4740-BA2B-342E4DBB5A89}"
EndProject
Global
	GlobalSection(SolutionConfigurationPlatforms) = preSolution
		Debug|Any CPU = Debug|Any CPU
		Release|Any CPU = Release|Any CPU
	EndGlobalSection
	GlobalSection(ProjectConfigurationPlatforms) = postSolution
		{4098D8BD-855F-4740-BA2B-342E4DBB5A89}.Debug|Any CPU.ActiveCfg = Debug|Any CPU
		{4098D8BD-855F-4740-BA2B-342E4DBB5A89}.Debug|Any CPU.Build.0 = Debug|Any CPU
		{4098D8BD-855F-4740-BA2B-342E4DBB5A89}.Release|Any CPU.ActiveCfg = Release|Any CPU
		{4098D8BD-855F-4740-BA2B-342E4DBB5A89}.Release|Any CPU.Build.0 = Release|Any CPU
	EndGlobalSection
	GlobalSection(SolutionProperties) = preSolution
		HideSolutionNode = FALSE
	EndGlobalSection
EndGlobal
